
Microsoft Visual Studio Solution File, Format Version 12.00
# Visual Studio Version 17
VisualStudioVersion = 17.6.33829.357
MinimumVisualStudioVersion = 10.0.40219.1
Project("{FAE04EC0-301F-11D3-BF4B-00C04F79EFBC}") = "MyProject", "MyProject.csproj", "{5D2838BE-B193-4541-8978-B1E128ED538F}"
EndProject
Project("{FAE04EC0-301F-11D3-BF4B-00C04F79EFBC}") = "BussnisLayer", "..\ClassLibrary4\BussnisLayer.csproj", "{DE9C7234-EBEE-4104-AA0B-9AA98B1BE06C}"
EndProject
Project("{FAE04EC0-301F-11D3-BF4B-00C04F79EFBC}") = "AccessDataLayer", "..\ClassLibrary1\AccessDataLayer.csproj", "{9E825268-AF36-4140-A260-83F59B0948F8}"
EndProject
Global
	GlobalSection(SolutionConfigurationPlatforms) = preSolution
		Debug|Any CPU = Debug|Any CPU
		Release|Any CPU = Release|Any CPU
	EndGlobalSection
	GlobalSection(ProjectConfigurationPlatforms) = postSolution
		{5D2838BE-B193-4541-8978-B1E128ED538F}.Debug|Any CPU.ActiveCfg = Debug|Any CPU
		{5D2838BE-B193-4541-8978-B1E128ED538F}.Debug|Any CPU.Build.0 = Debug|Any CPU
		{5D2838BE-B193-4541-8978-B1E128ED538F}.Release|Any CPU.ActiveCfg = Release|Any CPU
		{5D2838BE-B193-4541-8978-B1E128ED538F}.Release|Any CPU.Build.0 = Release|Any CPU
		{DE9C7234-EBEE-4104-AA0B-9AA98B1BE06C}.Debug|Any CPU.ActiveCfg = Debug|Any CPU
		{DE9C7234-EBEE-4104-AA0B-9AA98B1BE06C}.Debug|Any CPU.Build.0 = Debug|Any CPU
		{DE9C7234-EBEE-4104-AA0B-9AA98B1BE06C}.Release|Any CPU.ActiveCfg = Release|Any CPU
		{DE9C7234-EBEE-4104-AA0B-9AA98B1BE06C}.Release|Any CPU.Build.0 = Release|Any CPU
		{9E825268-AF36-4140-A260-83F59B0948F8}.Debug|Any CPU.ActiveCfg = Debug|Any CPU
		{9E825268-AF36-4140-A260-83F59B0948F8}.Debug|Any CPU.Build.0 = Debug|Any CPU
		{9E825268-AF36-4140-A260-83F59B0948F8}.Release|Any CPU.ActiveCfg = Release|Any CPU
		{9E825268-AF36-4140-A260-83F59B0948F8}.Release|Any CPU.Build.0 = Release|Any CPU
	EndGlobalSection
	GlobalSection(SolutionProperties) = preSolution
		HideSolutionNode = FALSE
	EndGlobalSection
	GlobalSection(ExtensibilityGlobals) = postSolution
		SolutionGuid = {4263BCAD-D1F6-4883-A6E8-7543CD40C054}
	EndGlobalSection
EndGlobal
